// !$*UTF8*$!
{
	archiveVersion = 1;
	classes = {
	};
	objectVersion = 46;
	objects = {

/* Begin PBXBuildFile section */
		3DDB422817643F84006878D4 /* DetailViewController.m in Sources */ = {isa = PBXBuildFile; fileRef = 3DDB422717643F84006878D4 /* DetailViewController.m */; };
		3DE98735176437F800BACBF4 /* UIKit.framework in Frameworks */ = {isa = PBXBuildFile; fileRef = 3DE98734176437F800BACBF4 /* UIKit.framework */; };
		3DE98737176437F800BACBF4 /* Foundation.framework in Frameworks */ = {isa = PBXBuildFile; fileRef = 3DE98736176437F800BACBF4 /* Foundation.framework */; };
		3DE98739176437F800BACBF4 /* CoreGraphics.framework in Frameworks */ = {isa = PBXBuildFile; fileRef = 3DE98738176437F800BACBF4 /* CoreGraphics.framework */; };
		3DE9873B176437F800BACBF4 /* CoreData.framework in Frameworks */ = {isa = PBXBuildFile; fileRef = 3DE9873A176437F800BACBF4 /* CoreData.framework */; };
		3DE98741176437F800BACBF4 /* InfoPlist.strings in Resources */ = {isa = PBXBuildFile; fileRef = 3DE9873F176437F800BACBF4 /* InfoPlist.strings */; };
		3DE98743176437F800BACBF4 /* main.m in Sources */ = {isa = PBXBuildFile; fileRef = 3DE98742176437F800BACBF4 /* main.m */; };
		3DE98747176437F800BACBF4 /* AppDelegate.m in Sources */ = {isa = PBXBuildFile; fileRef = 3DE98746176437F800BACBF4 /* AppDelegate.m */; };
		3DE98749176437F800BACBF4 /* Default.png in Resources */ = {isa = PBXBuildFile; fileRef = 3DE98748176437F800BACBF4 /* Default.png */; };
		3DE9874B176437F800BACBF4 /* Default@2x.png in Resources */ = {isa = PBXBuildFile; fileRef = 3DE9874A176437F800BACBF4 /* Default@2x.png */; };
		3DE9874D176437F800BACBF4 /* Default-568h@2x.png in Resources */ = {isa = PBXBuildFile; fileRef = 3DE9874C176437F800BACBF4 /* Default-568h@2x.png */; };
		3DE98750176437F800BACBF4 /* Coaster.xcdatamodeld in Sources */ = {isa = PBXBuildFile; fileRef = 3DE9874E176437F800BACBF4 /* Coaster.xcdatamodeld */; };
		3DE98757176438D300BACBF4 /* iPhone.storyboard in Resources */ = {isa = PBXBuildFile; fileRef = 3DE98756176438D300BACBF4 /* iPhone.storyboard */; };
		3DE9875A176439DE00BACBF4 /* MasterViewController.m in Sources */ = {isa = PBXBuildFile; fileRef = 3DE98759176439DE00BACBF4 /* MasterViewController.m */; };
		CA47C7E7B0764280B0E0B150 /* libPods.a in Frameworks */ = {isa = PBXBuildFile; fileRef = B497B3B1EAF54CD9A235312B /* libPods.a */; };
/* End PBXBuildFile section */

/* Begin PBXFileReference section */
		0BFF64F6E26447FBBB5F28E2 /* Pods.xcconfig */ = {isa = PBXFileReference; includeInIndex = 1; lastKnownFileType = text.xcconfig; name = Pods.xcconfig; path = Pods/Pods.xcconfig; sourceTree = SOURCE_ROOT; };
		3DDB422617643F84006878D4 /* DetailViewController.h */ = {isa = PBXFileReference; fileEncoding = 4; lastKnownFileType = sourcecode.c.h; path = DetailViewController.h; sourceTree = "<group>"; };
		3DDB422717643F84006878D4 /* DetailViewController.m */ = {isa = PBXFileReference; fileEncoding = 4; lastKnownFileType = sourcecode.c.objc; path = DetailViewController.m; sourceTree = "<group>"; };
		3DE98731176437F800BACBF4 /* Coaster.app */ = {isa = PBXFileReference; explicitFileType = wrapper.application; includeInIndex = 0; path = Coaster.app; sourceTree = BUILT_PRODUCTS_DIR; };
		3DE98734176437F800BACBF4 /* UIKit.framework */ = {isa = PBXFileReference; lastKnownFileType = wrapper.framework; name = UIKit.framework; path = System/Library/Frameworks/UIKit.framework; sourceTree = SDKROOT; };
		3DE98736176437F800BACBF4 /* Foundation.framework */ = {isa = PBXFileReference; lastKnownFileType = wrapper.framework; name = Foundation.framework; path = System/Library/Frameworks/Foundation.framework; sourceTree = SDKROOT; };
		3DE98738176437F800BACBF4 /* CoreGraphics.framework */ = {isa = PBXFileReference; lastKnownFileType = wrapper.framework; name = CoreGraphics.framework; path = System/Library/Frameworks/CoreGraphics.framework; sourceTree = SDKROOT; };
		3DE9873A176437F800BACBF4 /* CoreData.framework */ = {isa = PBXFileReference; lastKnownFileType = wrapper.framework; name = CoreData.framework; path = System/Library/Frameworks/CoreData.framework; sourceTree = SDKROOT; };
		3DE9873E176437F800BACBF4 /* Coaster-Info.plist */ = {isa = PBXFileReference; lastKnownFileType = text.plist.xml; path = "Coaster-Info.plist"; sourceTree = "<group>"; };
		3DE98740176437F800BACBF4 /* en */ = {isa = PBXFileReference; lastKnownFileType = text.plist.strings; name = en; path = en.lproj/InfoPlist.strings; sourceTree = "<group>"; };
		3DE98742176437F800BACBF4 /* main.m */ = {isa = PBXFileReference; lastKnownFileType = sourcecode.c.objc; path = main.m; sourceTree = "<group>"; };
		3DE98744176437F800BACBF4 /* Coaster-Prefix.pch */ = {isa = PBXFileReference; lastKnownFileType = sourcecode.c.h; path = "Coaster-Prefix.pch"; sourceTree = "<group>"; };
		3DE98745176437F800BACBF4 /* AppDelegate.h */ = {isa = PBXFileReference; lastKnownFileType = sourcecode.c.h; path = AppDelegate.h; sourceTree = "<group>"; };
		3DE98746176437F800BACBF4 /* AppDelegate.m */ = {isa = PBXFileReference; lastKnownFileType = sourcecode.c.objc; path = AppDelegate.m; sourceTree = "<group>"; };
		3DE98748176437F800BACBF4 /* Default.png */ = {isa = PBXFileReference; lastKnownFileType = image.png; path = Default.png; sourceTree = "<group>"; };
		3DE9874A176437F800BACBF4 /* Default@2x.png */ = {isa = PBXFileReference; lastKnownFileType = image.png; path = "Default@2x.png"; sourceTree = "<group>"; };
		3DE9874C176437F800BACBF4 /* Default-568h@2x.png */ = {isa = PBXFileReference; lastKnownFileType = image.png; path = "Default-568h@2x.png"; sourceTree = "<group>"; };
		3DE9874F176437F800BACBF4 /* Coaster.xcdatamodel */ = {isa = PBXFileReference; lastKnownFileType = wrapper.xcdatamodel; path = Coaster.xcdatamodel; sourceTree = "<group>"; };
		3DE98756176438D300BACBF4 /* iPhone.storyboard */ = {isa = PBXFileReference; fileEncoding = 4; lastKnownFileType = file.storyboard; path = iPhone.storyboard; sourceTree = "<group>"; };
		3DE98758176439DE00BACBF4 /* MasterViewController.h */ = {isa = PBXFileReference; fileEncoding = 4; lastKnownFileType = sourcecode.c.h; path = MasterViewController.h; sourceTree = "<group>"; };
		3DE98759176439DE00BACBF4 /* MasterViewController.m */ = {isa = PBXFileReference; fileEncoding = 4; lastKnownFileType = sourcecode.c.objc; path = MasterViewController.m; sourceTree = "<group>"; };
		B497B3B1EAF54CD9A235312B /* libPods.a */ = {isa = PBXFileReference; explicitFileType = archive.ar; includeInIndex = 0; path = libPods.a; sourceTree = BUILT_PRODUCTS_DIR; };
/* End PBXFileReference section */

/* Begin PBXFrameworksBuildPhase section */
		3DE9872E176437F800BACBF4 /* Frameworks */ = {
			isa = PBXFrameworksBuildPhase;
			buildActionMask = 2147483647;
			files = (
				3DE98735176437F800BACBF4 /* UIKit.framework in Frameworks */,
				3DE98737176437F800BACBF4 /* Foundation.framework in Frameworks */,
				3DE98739176437F800BACBF4 /* CoreGraphics.framework in Frameworks */,
				3DE9873B176437F800BACBF4 /* CoreData.framework in Frameworks */,
				CA47C7E7B0764280B0E0B150 /* libPods.a in Frameworks */,
			);
			runOnlyForDeploymentPostprocessing = 0;
		};
/* End PBXFrameworksBuildPhase section */

/* Begin PBXGroup section */
		3DE98728176437F800BACBF4 = {
			isa = PBXGroup;
			children = (
				3DE9873C176437F800BACBF4 /* Coaster */,
				3DE98733176437F800BACBF4 /* Frameworks */,
				3DE98732176437F800BACBF4 /* Products */,
				0BFF64F6E26447FBBB5F28E2 /* Pods.xcconfig */,
			);
			sourceTree = "<group>";
		};
		3DE98732176437F800BACBF4 /* Products */ = {
			isa = PBXGroup;
			children = (
				3DE98731176437F800BACBF4 /* Coaster.app */,
			);
			name = Products;
			sourceTree = "<group>";
		};
		3DE98733176437F800BACBF4 /* Frameworks */ = {
			isa = PBXGroup;
			children = (
				3DE98734176437F800BACBF4 /* UIKit.framework */,
				3DE98736176437F800BACBF4 /* Foundation.framework */,
				3DE98738176437F800BACBF4 /* CoreGraphics.framework */,
				3DE9873A176437F800BACBF4 /* CoreData.framework */,
				B497B3B1EAF54CD9A235312B /* libPods.a */,
			);
			name = Frameworks;
			sourceTree = "<group>";
		};
		3DE9873C176437F800BACBF4 /* Coaster */ = {
			isa = PBXGroup;
			children = (
				3DE98745176437F800BACBF4 /* AppDelegate.h */,
				3DE98746176437F800BACBF4 /* AppDelegate.m */,
				3DE9874E176437F800BACBF4 /* Coaster.xcdatamodeld */,
				3DDB422617643F84006878D4 /* DetailViewController.h */,
				3DDB422717643F84006878D4 /* DetailViewController.m */,
				3DE98756176438D300BACBF4 /* iPhone.storyboard */,
				3DE98758176439DE00BACBF4 /* MasterViewController.h */,
				3DE98759176439DE00BACBF4 /* MasterViewController.m */,
				3DE9873D176437F800BACBF4 /* Supporting Files */,
			);
			path = Coaster;
			sourceTree = "<group>";
		};
		3DE9873D176437F800BACBF4 /* Supporting Files */ = {
			isa = PBXGroup;
			children = (
				3DE9873E176437F800BACBF4 /* Coaster-Info.plist */,
				3DE9873F176437F800BACBF4 /* InfoPlist.strings */,
				3DE98742176437F800BACBF4 /* main.m */,
				3DE98744176437F800BACBF4 /* Coaster-Prefix.pch */,
				3DE98748176437F800BACBF4 /* Default.png */,
				3DE9874A176437F800BACBF4 /* Default@2x.png */,
				3DE9874C176437F800BACBF4 /* Default-568h@2x.png */,
			);
			name = "Supporting Files";
			sourceTree = "<group>";
		};
/* End PBXGroup section */

/* Begin PBXNativeTarget section */
		3DE98730176437F800BACBF4 /* Coaster */ = {
			isa = PBXNativeTarget;
			buildConfigurationList = 3DE98753176437F800BACBF4 /* Build configuration list for PBXNativeTarget "Coaster" */;
			buildPhases = (
				42ED6F577C7A43BAA641CA5E /* Check Pods Manifest.lock */,
				3DE9872D176437F800BACBF4 /* Sources */,
				3DE9872E176437F800BACBF4 /* Frameworks */,
				3DE9872F176437F800BACBF4 /* Resources */,
				C8709ACB51D646BBB44A2697 /* Copy Pods Resources */,
			);
			buildRules = (
			);
			dependencies = (
			);
			name = Coaster;
			productName = Coaster;
			productReference = 3DE98731176437F800BACBF4 /* Coaster.app */;
			productType = "com.apple.product-type.application";
		};
/* End PBXNativeTarget section */

/* Begin PBXProject section */
		3DE98729176437F800BACBF4 /* Project object */ = {
			isa = PBXProject;
			attributes = {
				LastUpgradeCheck = 0460;
				ORGANIZATIONNAME = "Naoto Kaneko";
			};
			buildConfigurationList = 3DE9872C176437F800BACBF4 /* Build configuration list for PBXProject "Coaster" */;
			compatibilityVersion = "Xcode 3.2";
			developmentRegion = English;
			hasScannedForEncodings = 0;
			knownRegions = (
				en,
			);
			mainGroup = 3DE98728176437F800BACBF4;
			productRefGroup = 3DE98732176437F800BACBF4 /* Products */;
			projectDirPath = "";
			projectRoot = "";
			targets = (
				3DE98730176437F800BACBF4 /* Coaster */,
			);
		};
/* End PBXProject section */

/* Begin PBXResourcesBuildPhase section */
		3DE9872F176437F800BACBF4 /* Resources */ = {
			isa = PBXResourcesBuildPhase;
			buildActionMask = 2147483647;
			files = (
				3DE98741176437F800BACBF4 /* InfoPlist.strings in Resources */,
				3DE98749176437F800BACBF4 /* Default.png in Resources */,
				3DE9874B176437F800BACBF4 /* Default@2x.png in Resources */,
				3DE9874D176437F800BACBF4 /* Default-568h@2x.png in Resources */,
				3DE98757176438D300BACBF4 /* iPhone.storyboard in Resources */,
			);
			runOnlyForDeploymentPostprocessing = 0;
		};
/* End PBXResourcesBuildPhase section */

/* Begin PBXShellScriptBuildPhase section */
		42ED6F577C7A43BAA641CA5E /* Check Pods Manifest.lock */ = {
			isa = PBXShellScriptBuildPhase;
			buildActionMask = 2147483647;
			files = (
			);
			inputPaths = (
			);
			name = "Check Pods Manifest.lock";
			outputPaths = (
			);
			runOnlyForDeploymentPostprocessing = 0;
			shellPath = /bin/sh;
			shellScript = "diff \"${PODS_ROOT}/../Podfile.lock\" \"${PODS_ROOT}/Manifest.lock\" > /dev/null\nif [[ $? != 0 ]] ; then\n    cat << EOM\nerror: The sandbox is not in sync with the Podfile.lock. Run 'pod install' or update your CocoaPods installation.\nEOM\n    exit 1\nfi\n";
		};
		C8709ACB51D646BBB44A2697 /* Copy Pods Resources */ = {
			isa = PBXShellScriptBuildPhase;
			buildActionMask = 2147483647;
			files = (
			);
			inputPaths = (
			);
			name = "Copy Pods Resources";
			outputPaths = (
			);
			runOnlyForDeploymentPostprocessing = 0;
			shellPath = /bin/sh;
			shellScript = "\"${SRCROOT}/Pods/Pods-resources.sh\"\n";
		};
/* End PBXShellScriptBuildPhase section */

/* Begin PBXSourcesBuildPhase section */
		3DE9872D176437F800BACBF4 /* Sources */ = {
			isa = PBXSourcesBuildPhase;
			buildActionMask = 2147483647;
			files = (
				3DE98743176437F800BACBF4 /* main.m in Sources */,
				3DE98747176437F800BACBF4 /* AppDelegate.m in Sources */,
				3DE98750176437F800BACBF4 /* Coaster.xcdatamodeld in Sources */,
				3DE9875A176439DE00BACBF4 /* MasterViewController.m in Sources */,
				3DDB422817643F84006878D4 /* DetailViewController.m in Sources */,
			);
			runOnlyForDeploymentPostprocessing = 0;
		};
/* End PBXSourcesBuildPhase section */

/* Begin PBXVariantGroup section */
		3DE9873F176437F800BACBF4 /* InfoPlist.strings */ = {
			isa = PBXVariantGroup;
			children = (
				3DE98740176437F800BACBF4 /* en */,
			);
			name = InfoPlist.strings;
			sourceTree = "<group>";
		};
/* End PBXVariantGroup section */

/* Begin XCBuildConfiguration section */
		3DE98751176437F800BACBF4 /* Debug */ = {
			isa = XCBuildConfiguration;
			buildSettings = {
				ALWAYS_SEARCH_USER_PATHS = NO;
				CLANG_CXX_LANGUAGE_STANDARD = "gnu++0x";
				CLANG_CXX_LIBRARY = "libc++";
				CLANG_ENABLE_OBJC_ARC = YES;
				CLANG_WARN_CONSTANT_CONVERSION = YES;
				CLANG_WARN_EMPTY_BODY = YES;
				CLANG_WARN_ENUM_CONVERSION = YES;
				CLANG_WARN_INT_CONVERSION = YES;
				CLANG_WARN__DUPLICATE_METHOD_MATCH = YES;
				"CODE_SIGN_IDENTITY[sdk=iphoneos*]" = "iPhone Developer";
				COPY_PHASE_STRIP = NO;
				GCC_C_LANGUAGE_STANDARD = gnu99;
				GCC_DYNAMIC_NO_PIC = NO;
				GCC_OPTIMIZATION_LEVEL = 0;
				GCC_PREPROCESSOR_DEFINITIONS = (
					"DEBUG=1",
					"$(inherited)",
				);
				GCC_SYMBOLS_PRIVATE_EXTERN = NO;
				GCC_WARN_ABOUT_RETURN_TYPE = YES;
				GCC_WARN_UNINITIALIZED_AUTOS = YES;
				GCC_WARN_UNUSED_VARIABLE = YES;
				IPHONEOS_DEPLOYMENT_TARGET = 6.1;
				ONLY_ACTIVE_ARCH = YES;
				SDKROOT = iphoneos;
			};
			name = Debug;
		};
		3DE98752176437F800BACBF4 /* Release */ = {
			isa = XCBuildConfiguration;
			buildSettings = {
				ALWAYS_SEARCH_USER_PATHS = NO;
				CLANG_CXX_LANGUAGE_STANDARD = "gnu++0x";
				CLANG_CXX_LIBRARY = "libc++";
				CLANG_ENABLE_OBJC_ARC = YES;
				CLANG_WARN_CONSTANT_CONVERSION = YES;
				CLANG_WARN_EMPTY_BODY = YES;
				CLANG_WARN_ENUM_CONVERSION = YES;
				CLANG_WARN_INT_CONVERSION = YES;
				CLANG_WARN__DUPLICATE_METHOD_MATCH = YES;
				"CODE_SIGN_IDENTITY[sdk=iphoneos*]" = "iPhone Developer";
				COPY_PHASE_STRIP = YES;
				GCC_C_LANGUAGE_STANDARD = gnu99;
				GCC_WARN_ABOUT_RETURN_TYPE = YES;
				GCC_WARN_UNINITIALIZED_AUTOS = YES;
				GCC_WARN_UNUSED_VARIABLE = YES;
				IPHONEOS_DEPLOYMENT_TARGET = 6.1;
				OTHER_CFLAGS = "-DNS_BLOCK_ASSERTIONS=1";
				SDKROOT = iphoneos;
				VALIDATE_PRODUCT = YES;
			};
			name = Release;
		};
		3DE98754176437F800BACBF4 /* Debug */ = {
			isa = XCBuildConfiguration;
			baseConfigurationReference = 0BFF64F6E26447FBBB5F28E2 /* Pods.xcconfig */;
			buildSettings = {
				GCC_PRECOMPILE_PREFIX_HEADER = YES;
				GCC_PREFIX_HEADER = "Coaster/Coaster-Prefix.pch";
				INFOPLIST_FILE = "Coaster/Coaster-Info.plist";
				PRODUCT_NAME = "$(TARGET_NAME)";
				WRAPPER_EXTENSION = app;
			};
			name = Debug;
		};
		3DE98755176437F800BACBF4 /* Release */ = {
			isa = XCBuildConfiguration;
			baseConfigurationReference = 0BFF64F6E26447FBBB5F28E2 /* Pods.xcconfig */;
			buildSettings = {
				GCC_PRECOMPILE_PREFIX_HEADER = YES;
				GCC_PREFIX_HEADER = "Coaster/Coaster-Prefix.pch";
				INFOPLIST_FILE = "Coaster/Coaster-Info.plist";
				PRODUCT_NAME = "$(TARGET_NAME)";
				WRAPPER_EXTENSION = app;
			};
			name = Release;
		};
/* End XCBuildConfiguration section */

/* Begin XCConfigurationList section */
		3DE9872C176437F800BACBF4 /* Build configuration list for PBXProject "Coaster" */ = {
			isa = XCConfigurationList;
			buildConfigurations = (
				3DE98751176437F800BACBF4 /* Debug */,
				3DE98752176437F800BACBF4 /* Release */,
			);
			defaultConfigurationIsVisible = 0;
			defaultConfigurationName = Release;
		};
		3DE98753176437F800BACBF4 /* Build configuration list for PBXNativeTarget "Coaster" */ = {
			isa = XCConfigurationList;
			buildConfigurations = (
				3DE98754176437F800BACBF4 /* Debug */,
				3DE98755176437F800BACBF4 /* Release */,
			);
			defaultConfigurationIsVisible = 0;
			defaultConfigurationName = Release;
		};
/* End XCConfigurationList section */

/* Begin XCVersionGroup section */
		3DE9874E176437F800BACBF4 /* Coaster.xcdatamodeld */ = {
			isa = XCVersionGroup;
			children = (
				3DE9874F176437F800BACBF4 /* Coaster.xcdatamodel */,
			);
			currentVersion = 3DE9874F176437F800BACBF4 /* Coaster.xcdatamodel */;
			path = Coaster.xcdatamodeld;
			sourceTree = "<group>";
			versionGroupType = wrapper.xcdatamodel;
		};
/* End XCVersionGroup section */
	};
	rootObject = 3DE98729176437F800BACBF4 /* Project object */;
}
